# Generated by pub
# See https://dart.dev/tools/pub/glossary#lockfile
packages:
  _fe_analyzer_shared:
    dependency: transitive
    description:
      name: _fe_analyzer_shared
      url: "https://pub.flutter-io.cn"
    source: hosted
    version: "17.0.0"
  analyzer:
    dependency: transitive
    description:
      name: analyzer
      url: "https://pub.flutter-io.cn"
    source: hosted
    version: "1.1.0"
  apn_json2model:
    dependency: "direct dev"
    description:
      name: apn_json2model
      url: "https://pub.flutter-io.cn"
    source: hosted
    version: "2.1.0-nullsafety"
  archive:
    dependency: transitive
    description:
      name: archive
      url: "https://pub.flutter-io.cn"
    source: hosted
    version: "3.1.2"
  args:
    dependency: "direct overridden"
    description:
      name: args
      url: "https://pub.flutter-io.cn"
    source: hosted
    version: "2.0.0"
  async:
    dependency: transitive
    description:
      name: async
      url: "https://pub.flutter-io.cn"
    source: hosted
    version: "2.5.0"
  basic_utils:
    dependency: "direct main"
    description:
      name: basic_utils
      url: "https://pub.flutter-io.cn"
    source: hosted
    version: "3.0.0-nullsafety.1"
  boolean_selector:
    dependency: transitive
    description:
      name: boolean_selector
      url: "https://pub.flutter-io.cn"
    source: hosted
    version: "2.1.0"
  build:
    dependency: transitive
    description:
      name: build
      url: "https://pub.flutter-io.cn"
    source: hosted
    version: "1.6.3"
  build_config:
    dependency: transitive
    description:
      name: build_config
      url: "https://pub.flutter-io.cn"
    source: hosted
    version: "0.4.6"
  build_daemon:
    dependency: transitive
    description:
      name: build_daemon
      url: "https://pub.flutter-io.cn"
    source: hosted
    version: "2.1.9"
  build_resolvers:
    dependency: transitive
    description:
      name: build_resolvers
      url: "https://pub.flutter-io.cn"
    source: hosted
    version: "1.5.4"
  build_runner:
    dependency: "direct dev"
    description:
      name: build_runner
      url: "https://pub.flutter-io.cn"
    source: hosted
    version: "1.11.5"
  build_runner_core:
    dependency: transitive
    description:
      name: build_runner_core
      url: "https://pub.flutter-io.cn"
    source: hosted
    version: "6.1.10"
  built_collection:
    dependency: transitive
    description:
      name: built_collection
      url: "https://pub.flutter-io.cn"
    source: hosted
    version: "5.0.0"
  built_value:
    dependency: transitive
    description:
      name: built_value
      url: "https://pub.flutter-io.cn"
    source: hosted
    version: "8.0.2"
  cached_network_image:
    dependency: "direct main"
    description:
      name: cached_network_image
      url: "https://pub.flutter-io.cn"
    source: hosted
    version: "3.0.0-nullsafety"
  characters:
    dependency: transitive
    description:
      name: characters
      url: "https://pub.flutter-io.cn"
    source: hosted
    version: "1.1.0"
  charcode:
    dependency: transitive
    description:
      name: charcode
      url: "https://pub.flutter-io.cn"
    source: hosted
    version: "1.2.0"
  checked_yaml:
    dependency: transitive
    description:
      name: checked_yaml
      url: "https://pub.flutter-io.cn"
    source: hosted
    version: "1.0.4"
  cli_util:
    dependency: transitive
    description:
      name: cli_util
      url: "https://pub.flutter-io.cn"
    source: hosted
    version: "0.3.0"
  clock:
    dependency: transitive
    description:
      name: clock
      url: "https://pub.flutter-io.cn"
    source: hosted
    version: "1.1.0"
  code_builder:
    dependency: transitive
    description:
      name: code_builder
      url: "https://pub.flutter-io.cn"
    source: hosted
    version: "3.7.0"
  collection:
    dependency: transitive
    description:
      name: collection
      url: "https://pub.flutter-io.cn"
    source: hosted
    version: "1.15.0"
  convert:
    dependency: transitive
    description:
      name: convert
      url: "https://pub.flutter-io.cn"
    source: hosted
    version: "3.0.0"
  cookie_jar:
    dependency: "direct main"
    description:
      name: cookie_jar
      url: "https://pub.flutter-io.cn"
    source: hosted
    version: "3.0.0-beta2"
  copy_with_extension:
    dependency: "direct main"
    description:
      name: copy_with_extension
      url: "https://pub.flutter-io.cn"
    source: hosted
    version: "2.0.0"
  copy_with_extension_gen:
    dependency: "direct dev"
    description:
      name: copy_with_extension_gen
      url: "https://pub.flutter-io.cn"
    source: hosted
    version: "2.0.0"
  crypto:
    dependency: transitive
    description:
      name: crypto
      url: "https://pub.flutter-io.cn"
    source: hosted
    version: "3.0.0"
  csslib:
    dependency: transitive
    description:
      name: csslib
      url: "https://pub.flutter-io.cn"
    source: hosted
    version: "0.17.0"
  cupertino_icons:
    dependency: "direct main"
    description:
      name: cupertino_icons
      url: "https://pub.flutter-io.cn"
    source: hosted
    version: "1.0.2"
  custom_pop_up_menu:
    dependency: "direct main"
    description:
      path: "."
      ref: nullsafety
      resolved-ref: "1b933c63fb7689baa07f348199435c9642af859f"
      url: "https://github.com/honjow/custom_pop_up_menu.git"
    source: git
    version: "1.1.2"
  dart_style:
    dependency: transitive
    description:
      name: dart_style
      url: "https://pub.flutter-io.cn"
    source: hosted
    version: "1.3.14"
  dio:
    dependency: "direct main"
    description:
      name: dio
      url: "https://pub.flutter-io.cn"
    source: hosted
    version: "4.0.0-beta7"
  dio_cookie_manager:
    dependency: "direct main"
    description:
      name: dio_cookie_manager
      url: "https://pub.flutter-io.cn"
    source: hosted
    version: "2.0.0-beta1"
  dio_firebase_performance:
    dependency: "direct main"
    description:
      path: "."
      ref: HEAD
      resolved-ref: "9ef178011891f721f4d8e0f66863d4ce5dba5572"
      url: "https://github.com/honjow/dio_firebase_performance.git"
    source: git
    version: "0.3.0"
  dio_http_cache:
    dependency: "direct main"
    description:
      path: "."
      ref: HEAD
      resolved-ref: bf5bcdff0b9013d308a0ce4d189986fd28003410
      url: "git://github.com/shinayser/dio-http-cache.git"
    source: git
    version: "0.3.0"
  dio_retry:
    dependency: "direct main"
    description:
      path: dio_retry
      ref: HEAD
      resolved-ref: "4067fddceddd85cdf42ab94e528f4db32f8020ba"
      url: "https://github.com/honjow/dio_retry.git"
    source: git
    version: "0.1.10-beta"
  enum_to_string:
    dependency: "direct main"
    description:
      name: enum_to_string
      url: "https://pub.flutter-io.cn"
    source: hosted
    version: "2.0.0-nullsafety.1"
  expressions:
    dependency: "direct overridden"
    description:
      name: expressions
      url: "https://pub.flutter-io.cn"
    source: hosted
    version: "0.2.0"
  extended_image:
    dependency: "direct main"
    description:
      name: extended_image
      url: "https://pub.flutter-io.cn"
    source: hosted
    version: "3.0.0"
  extended_image_library:
    dependency: transitive
    description:
      name: extended_image_library
      url: "https://pub.flutter-io.cn"
    source: hosted
    version: "2.0.2"
  extended_list_library:
    dependency: transitive
    description:
      name: extended_list_library
      url: "https://pub.flutter-io.cn"
    source: hosted
    version: "3.0.0"
  fake_async:
    dependency: transitive
    description:
      name: fake_async
      url: "https://pub.flutter-io.cn"
    source: hosted
    version: "1.2.0"
  ffi:
    dependency: transitive
    description:
      name: ffi
      url: "https://pub.flutter-io.cn"
    source: hosted
    version: "1.0.0"
  file:
    dependency: transitive
    description:
      name: file
      url: "https://pub.flutter-io.cn"
    source: hosted
    version: "6.1.0"
  file_picker:
    dependency: "direct main"
    description:
      name: file_picker
      url: "https://pub.flutter-io.cn"
    source: hosted
    version: "3.0.0"
  firebase:
    dependency: transitive
    description:
      name: firebase
      url: "https://pub.flutter-io.cn"
    source: hosted
    version: "9.0.0"
  firebase_analytics:
    dependency: "direct main"
    description:
      name: firebase_analytics
      url: "https://pub.flutter-io.cn"
    source: hosted
    version: "7.1.1"
  firebase_analytics_platform_interface:
    dependency: transitive
    description:
      name: firebase_analytics_platform_interface
      url: "https://pub.flutter-io.cn"
    source: hosted
    version: "1.1.0"
  firebase_analytics_web:
    dependency: transitive
    description:
      name: firebase_analytics_web
      url: "https://pub.flutter-io.cn"
    source: hosted
    version: "0.2.0+1"
  firebase_core:
    dependency: transitive
    description:
      name: firebase_core
      url: "https://pub.flutter-io.cn"
    source: hosted
    version: "1.0.1"
  firebase_core_platform_interface:
    dependency: transitive
    description:
      name: firebase_core_platform_interface
      url: "https://pub.flutter-io.cn"
    source: hosted
    version: "4.0.0"
  firebase_core_web:
    dependency: transitive
    description:
      name: firebase_core_web
      url: "https://pub.flutter-io.cn"
    source: hosted
    version: "1.0.1"
  firebase_crashlytics:
    dependency: "direct main"
    description:
      name: firebase_crashlytics
      url: "https://pub.flutter-io.cn"
    source: hosted
    version: "1.0.0"
  firebase_crashlytics_platform_interface:
    dependency: transitive
    description:
      name: firebase_crashlytics_platform_interface
      url: "https://pub.flutter-io.cn"
    source: hosted
    version: "2.0.0"
  firebase_performance:
    dependency: "direct main"
    description:
      name: firebase_performance
      url: "https://pub.flutter-io.cn"
    source: hosted
    version: "0.6.0"
  fixnum:
    dependency: transitive
    description:
      name: fixnum
      url: "https://pub.flutter-io.cn"
    source: hosted
    version: "1.0.0"
  floor:
    dependency: "direct main"
    description:
      name: floor
      url: "https://pub.flutter-io.cn"
    source: hosted
    version: "1.0.0"
  floor_annotation:
    dependency: transitive
    description:
      name: floor_annotation
      url: "https://pub.flutter-io.cn"
    source: hosted
    version: "1.0.0"
  floor_generator:
    dependency: "direct dev"
    description:
      name: floor_generator
      url: "https://pub.flutter-io.cn"
    source: hosted
    version: "1.0.0"
  flutter:
    dependency: "direct main"
    description: flutter
    source: sdk
    version: "0.0.0"
  flutter_blurhash:
    dependency: transitive
    description:
      name: flutter_blurhash
      url: "https://pub.flutter-io.cn"
    source: hosted
    version: "0.5.4-nullsafety.0"
  flutter_cache_manager:
    dependency: "direct main"
    description:
      name: flutter_cache_manager
      url: "https://pub.flutter-io.cn"
    source: hosted
    version: "3.0.0-nullsafety.1"
  flutter_downloader:
    dependency: "direct main"
    description:
      name: flutter_downloader
      url: "https://pub.flutter-io.cn"
    source: hosted
    version: "1.6.0-nullsafety.0"
  flutter_egg:
    dependency: "direct main"
    description:
      path: "."
      ref: HEAD
      resolved-ref: d5520ca7422aa7a6a31ed9bea7aa9a4efc40014d
      url: "https://github.com/honjow/flutter_egg.git"
    source: git
    version: "1.0.3"
  flutter_inappwebview:
    dependency: "direct main"
    description:
      name: flutter_inappwebview
      url: "https://pub.flutter-io.cn"
    source: hosted
    version: "5.1.0+4"
  flutter_linkify:
    dependency: "direct main"
    description:
      path: "."
      ref: HEAD
      resolved-ref: "2259c36ba24b2b5cdf2b99b29466a8da322e92e6"
      url: "https://github.com/MohamedEL-Torky/flutter_linkify"
    source: git
    version: "5.0.1"
  flutter_localizations:
    dependency: "direct main"
    description: flutter
    source: sdk
    version: "0.0.0"
  flutter_plugin_android_lifecycle:
    dependency: transitive
    description:
      name: flutter_plugin_android_lifecycle
      url: "https://pub.flutter-io.cn"
    source: hosted
    version: "2.0.0"
  flutter_rating_bar:
    dependency: "direct main"
    description:
      name: flutter_rating_bar
      url: "https://pub.flutter-io.cn"
    source: hosted
    version: "4.0.0"
  flutter_slidable:
    dependency: "direct main"
    description:
      name: flutter_slidable
      url: "https://pub.flutter-io.cn"
    source: hosted
    version: "0.6.0-nullsafety.0"
  flutter_test:
    dependency: "direct dev"
    description: flutter
    source: sdk
    version: "0.0.0"
  flutter_vibrate:
    dependency: "direct main"
    description:
      path: "."
      ref: HEAD
      resolved-ref: "8f34ad419e446909fa6a9f823bf76fc028f29d00"
      url: "https://github.com/honjow/flutter_vibrate.git"
    source: git
    version: "1.0.0"
  flutter_web_plugins:
    dependency: transitive
    description: flutter
    source: sdk
    version: "0.0.0"
  font_awesome_flutter:
    dependency: "direct main"
    description:
      name: font_awesome_flutter
      url: "https://pub.flutter-io.cn"
    source: hosted
    version: "9.0.0-nullsafety"
  get:
    dependency: "direct main"
    description:
      name: get
      url: "https://pub.flutter-io.cn"
    source: hosted
    version: "4.0.0-nullsafety.2"
  get_storage:
    dependency: "direct main"
    description:
      name: get_storage
      url: "https://pub.flutter-io.cn"
    source: hosted
    version: "2.0.1"
  glob:
    dependency: transitive
    description:
      name: glob
      url: "https://pub.flutter-io.cn"
    source: hosted
    version: "2.0.0"
  graphs:
    dependency: transitive
    description:
      name: graphs
      url: "https://pub.flutter-io.cn"
    source: hosted
    version: "0.2.0"
  html:
    dependency: "direct main"
    description:
      name: html
      url: "https://pub.flutter-io.cn"
    source: hosted
    version: "0.15.0"
  html_unescape:
    dependency: "direct main"
    description:
      name: html_unescape
      url: "https://pub.flutter-io.cn"
    source: hosted
    version: "2.0.0-nullsafety.0"
  http:
    dependency: "direct overridden"
    description:
      name: http
      url: "https://pub.flutter-io.cn"
    source: hosted
    version: "0.13.0"
  http_client_helper:
    dependency: transitive
    description:
      name: http_client_helper
      url: "https://pub.flutter-io.cn"
    source: hosted
    version: "2.0.1"
  http_multi_server:
    dependency: transitive
    description:
      name: http_multi_server
      url: "https://pub.flutter-io.cn"
    source: hosted
    version: "2.2.0"
  http_parser:
    dependency: transitive
    description:
      name: http_parser
      url: "https://pub.flutter-io.cn"
    source: hosted
    version: "4.0.0"
  image:
    dependency: transitive
    description:
      name: image
      url: "https://pub.flutter-io.cn"
    source: hosted
    version: "3.0.1"
  image_gallery_saver:
    dependency: "direct main"
    description:
      name: image_gallery_saver
      url: "https://pub.flutter-io.cn"
    source: hosted
    version: "1.6.8"
  intl:
    dependency: "direct main"
    description:
      name: intl
      url: "https://pub.flutter-io.cn"
    source: hosted
    version: "0.17.0"
  intl_utils:
    dependency: "direct dev"
    description:
      name: intl_utils
      url: "https://pub.flutter-io.cn"
    source: hosted
    version: "2.1.0"
  io:
    dependency: transitive
    description:
      name: io
      url: "https://pub.flutter-io.cn"
    source: hosted
    version: "0.3.5"
  js:
    dependency: transitive
    description:
      name: js
      url: "https://pub.flutter-io.cn"
    source: hosted
    version: "0.6.3"
  json_annotation:
    dependency: "direct dev"
    description:
      name: json_annotation
      url: "https://pub.flutter-io.cn"
    source: hosted
    version: "4.0.0"
  json_serializable:
    dependency: "direct dev"
    description:
      name: json_serializable
      url: "https://pub.flutter-io.cn"
    source: hosted
    version: "4.0.2"
  line_icons:
    dependency: "direct main"
    description:
      name: line_icons
      url: "https://pub.flutter-io.cn"
    source: hosted
    version: "2.0.1"
  linkify:
    dependency: transitive
    description:
      name: linkify
      url: "https://pub.flutter-io.cn"
    source: hosted
    version: "4.0.0"
  liquid_progress_indicator:
    dependency: "direct main"
    description:
      name: liquid_progress_indicator
      url: "https://pub.flutter-io.cn"
    source: hosted
    version: "0.3.2"
  local_auth:
    dependency: "direct main"
    description:
      name: local_auth
      url: "https://pub.flutter-io.cn"
    source: hosted
    version: "1.1.0"
  logger:
    dependency: "direct main"
    description:
      name: logger
      url: "https://pub.flutter-io.cn"
    source: hosted
    version: "1.0.0-nullsafety.0"
  logging:
    dependency: "direct overridden"
    description:
      name: logging
      url: "https://pub.flutter-io.cn"
    source: hosted
    version: "1.0.0"
  matcher:
    dependency: transitive
    description:
      name: matcher
      url: "https://pub.flutter-io.cn"
    source: hosted
    version: "0.12.10"
  meta:
    dependency: transitive
    description:
      name: meta
      url: "https://pub.flutter-io.cn"
    source: hosted
    version: "1.3.0"
  mime:
    dependency: transitive
    description:
      name: mime
      url: "https://pub.flutter-io.cn"
    source: hosted
    version: "1.0.0"
  modal_bottom_sheet:
    dependency: "direct main"
    description:
      name: modal_bottom_sheet
      url: "https://pub.flutter-io.cn"
    source: hosted
    version: "2.0.0"
  moor:
    dependency: transitive
    description:
      name: moor
      url: "https://pub.flutter-io.cn"
    source: hosted
    version: "4.1.0"
  moor_flutter:
    dependency: "direct main"
    description:
      name: moor_flutter
      url: "https://pub.flutter-io.cn"
    source: hosted
    version: "4.0.0-nullsafety"
  octo_image:
    dependency: transitive
    description:
      name: octo_image
      url: "https://pub.flutter-io.cn"
    source: hosted
    version: "1.0.0-nullsafety.1"
  oktoast:
    dependency: "direct main"
    description:
      name: oktoast
      url: "https://pub.flutter-io.cn"
    source: hosted
    version: "3.0.0"
  orientation:
    dependency: "direct main"
    description:
      name: orientation
      url: "https://pub.flutter-io.cn"
    source: hosted
    version: "1.3.0"
  package_config:
    dependency: transitive
    description:
      name: package_config
      url: "https://pub.flutter-io.cn"
    source: hosted
    version: "2.0.0"
  package_info:
    dependency: "direct main"
    description:
      name: package_info
      url: "https://pub.flutter-io.cn"
    source: hosted
    version: "2.0.0"
  path:
    dependency: transitive
    description:
      name: path
      url: "https://pub.flutter-io.cn"
    source: hosted
    version: "1.8.0"
  path_provider:
    dependency: transitive
    description:
      name: path_provider
      url: "https://pub.flutter-io.cn"
    source: hosted
    version: "2.0.1"
  path_provider_linux:
    dependency: transitive
    description:
      name: path_provider_linux
      url: "https://pub.flutter-io.cn"
    source: hosted
    version: "2.0.0"
  path_provider_macos:
    dependency: transitive
    description:
      name: path_provider_macos
      url: "https://pub.flutter-io.cn"
    source: hosted
    version: "2.0.0"
  path_provider_platform_interface:
    dependency: transitive
    description:
      name: path_provider_platform_interface
      url: "https://pub.flutter-io.cn"
    source: hosted
    version: "2.0.1"
  path_provider_windows:
    dependency: transitive
    description:
      name: path_provider_windows
      url: "https://pub.flutter-io.cn"
    source: hosted
    version: "2.0.0"
  pattern_lock:
    dependency: "direct main"
    description:
      name: pattern_lock
      url: "https://pub.flutter-io.cn"
    source: hosted
    version: "2.0.0"
  pedantic:
    dependency: transitive
    description:
      name: pedantic
      url: "https://pub.flutter-io.cn"
    source: hosted
    version: "1.11.0"
  permission_handler:
    dependency: "direct main"
    description:
      name: permission_handler
      url: "https://pub.flutter-io.cn"
    source: hosted
    version: "6.0.1+1"
  permission_handler_platform_interface:
    dependency: transitive
    description:
      name: permission_handler_platform_interface
      url: "https://pub.flutter-io.cn"
    source: hosted
    version: "3.0.0+1"
  petitparser:
    dependency: transitive
    description:
      name: petitparser
      url: "https://pub.flutter-io.cn"
    source: hosted
    version: "4.0.2"
  photo_view:
    dependency: "direct main"
    description:
      name: photo_view
      url: "https://pub.flutter-io.cn"
    source: hosted
    version: "0.11.1"
  platform:
    dependency: transitive
    description:
      name: platform
      url: "https://pub.flutter-io.cn"
    source: hosted
    version: "3.0.0"
  plugin_platform_interface:
    dependency: transitive
    description:
      name: plugin_platform_interface
      url: "https://pub.flutter-io.cn"
    source: hosted
    version: "2.0.0"
  pointycastle:
    dependency: transitive
    description:
      name: pointycastle
      url: "https://pub.flutter-io.cn"
    source: hosted
    version: "3.0.0-nullsafety.2"
  pool:
    dependency: transitive
    description:
      name: pool
      url: "https://pub.flutter-io.cn"
    source: hosted
    version: "1.5.0"
  pretty_dio_logger:
    dependency: "direct main"
    description:
      name: pretty_dio_logger
      url: "https://pub.flutter-io.cn"
    source: hosted
    version: "1.2.0-beta"
  process:
    dependency: transitive
    description:
      name: process
      url: "https://pub.flutter-io.cn"
    source: hosted
    version: "4.1.0"
  pub_semver:
    dependency: transitive
    description:
      name: pub_semver
      url: "https://pub.flutter-io.cn"
    source: hosted
    version: "2.0.0"
  pubspec_parse:
    dependency: transitive
    description:
      name: pubspec_parse
      url: "https://pub.flutter-io.cn"
    source: hosted
    version: "0.1.8"
  quiver:
    dependency: transitive
    description:
      name: quiver
      url: "https://pub.flutter-io.cn"
    source: hosted
    version: "3.0.0"
  receive_sharing_intent:
    dependency: "direct main"
    description:
      name: receive_sharing_intent
      url: "https://pub.flutter-io.cn"
    source: hosted
    version: "1.4.4"
  reorderables:
    dependency: "direct main"
    description:
      path: "."
      ref: "beta/nullsafety_migration"
      resolved-ref: c5225b1745ed8c11c112f5d12bc1206f0cccc744
      url: "https://github.com/Three-Horsemen-of-Software-Engineering/reorderables.git"
    source: git
    version: "0.4.0-nullsafety.0"
  rxdart:
    dependency: transitive
    description:
      name: rxdart
      url: "https://pub.flutter-io.cn"
    source: hosted
    version: "0.26.0"
  scrollable_positioned_list:
    dependency: "direct main"
    description:
      name: scrollable_positioned_list
      url: "https://pub.flutter-io.cn"
    source: hosted
    version: "0.2.0-nullsafety.0"
  share:
    dependency: "direct main"
    description:
      name: share
      url: "https://pub.flutter-io.cn"
    source: hosted
    version: "2.0.1"
  shared_preferences:
    dependency: "direct main"
    description:
      name: shared_preferences
      url: "https://pub.flutter-io.cn"
    source: hosted
    version: "2.0.4"
  shared_preferences_linux:
    dependency: transitive
    description:
      name: shared_preferences_linux
      url: "https://pub.flutter-io.cn"
    source: hosted
    version: "2.0.0"
  shared_preferences_macos:
    dependency: transitive
    description:
      name: shared_preferences_macos
      url: "https://pub.flutter-io.cn"
    source: hosted
    version: "2.0.0"
  shared_preferences_platform_interface:
    dependency: transitive
    description:
      name: shared_preferences_platform_interface
      url: "https://pub.flutter-io.cn"
    source: hosted
    version: "2.0.0"
  shared_preferences_web:
    dependency: transitive
    description:
      name: shared_preferences_web
      url: "https://pub.flutter-io.cn"
    source: hosted
    version: "2.0.0"
  shared_preferences_windows:
    dependency: transitive
    description:
      name: shared_preferences_windows
      url: "https://pub.flutter-io.cn"
    source: hosted
    version: "2.0.0"
  shelf:
    dependency: transitive
    description:
      name: shelf
      url: "https://pub.flutter-io.cn"
    source: hosted
    version: "1.0.0"
  shelf_web_socket:
    dependency: transitive
    description:
      name: shelf_web_socket
      url: "https://pub.flutter-io.cn"
    source: hosted
    version: "0.2.4+1"
  sky_engine:
    dependency: transitive
    description: flutter
    source: sdk
    version: "0.0.99"
  source_gen:
    dependency: transitive
    description:
      name: source_gen
      url: "https://pub.flutter-io.cn"
    source: hosted
    version: "0.9.10+3"
  source_span:
    dependency: transitive
    description:
      name: source_span
      url: "https://pub.flutter-io.cn"
    source: hosted
    version: "1.8.0"
  sqflite:
    dependency: "direct main"
    description:
      name: sqflite
      url: "https://pub.flutter-io.cn"
    source: hosted
    version: "2.0.0+2"
  sqflite_common:
    dependency: transitive
    description:
      name: sqflite_common
      url: "https://pub.flutter-io.cn"
    source: hosted
    version: "2.0.0+2"
  sqflite_common_ffi:
    dependency: transitive
    description:
      name: sqflite_common_ffi
      url: "https://pub.flutter-io.cn"
    source: hosted
    version: "2.0.0"
  sqlite3:
    dependency: transitive
    description:
      name: sqlite3
      url: "https://pub.flutter-io.cn"
    source: hosted
    version: "1.0.0"
  stack_trace:
    dependency: transitive
    description:
      name: stack_trace
      url: "https://pub.flutter-io.cn"
    source: hosted
    version: "1.10.0"
  stream_channel:
    dependency: transitive
    description:
      name: stream_channel
      url: "https://pub.flutter-io.cn"
    source: hosted
    version: "2.1.0"
  stream_transform:
    dependency: transitive
    description:
      name: stream_transform
      url: "https://pub.flutter-io.cn"
    source: hosted
    version: "2.0.0"
  string_scanner:
    dependency: transitive
    description:
      name: string_scanner
      url: "https://pub.flutter-io.cn"
    source: hosted
    version: "1.1.0"
  synchronized:
    dependency: transitive
    description:
      name: synchronized
      url: "https://pub.flutter-io.cn"
    source: hosted
    version: "3.0.0"
  term_glyph:
    dependency: transitive
    description:
      name: term_glyph
      url: "https://pub.flutter-io.cn"
    source: hosted
    version: "1.2.0"
  test_api:
    dependency: transitive
    description:
      name: test_api
      url: "https://pub.flutter-io.cn"
    source: hosted
    version: "0.2.19"
  timing:
    dependency: transitive
    description:
      name: timing
      url: "https://pub.flutter-io.cn"
    source: hosted
    version: "0.1.1+3"
  translator:
    dependency: "direct main"
    description:
      name: translator
      url: "https://pub.flutter-io.cn"
    source: hosted
    version: "0.1.5"
  tuple:
    dependency: "direct main"
    description:
      name: tuple
      url: "https://pub.flutter-io.cn"
    source: hosted
    version: "2.0.0"
  typed_data:
    dependency: transitive
    description:
      name: typed_data
      url: "https://pub.flutter-io.cn"
    source: hosted
    version: "1.3.0"
  url_launcher:
    dependency: "direct main"
    description:
      name: url_launcher
      url: "https://pub.flutter-io.cn"
    source: hosted
    version: "6.0.2"
  url_launcher_linux:
    dependency: transitive
    description:
      name: url_launcher_linux
      url: "https://pub.flutter-io.cn"
    source: hosted
    version: "2.0.0"
  url_launcher_macos:
    dependency: transitive
    description:
      name: url_launcher_macos
      url: "https://pub.flutter-io.cn"
    source: hosted
    version: "2.0.0"
  url_launcher_platform_interface:
    dependency: transitive
    description:
      name: url_launcher_platform_interface
      url: "https://pub.flutter-io.cn"
    source: hosted
    version: "2.0.2"
  url_launcher_web:
    dependency: transitive
    description:
      name: url_launcher_web
      url: "https://pub.flutter-io.cn"
    source: hosted
    version: "2.0.0"
  url_launcher_windows:
    dependency: transitive
    description:
      name: url_launcher_windows
      url: "https://pub.flutter-io.cn"
    source: hosted
    version: "2.0.0"
  uuid:
    dependency: transitive
    description:
      name: uuid
      url: "https://pub.flutter-io.cn"
    source: hosted
    version: "3.0.1"
  vector_math:
    dependency: transitive
    description:
      name: vector_math
      url: "https://pub.flutter-io.cn"
    source: hosted
    version: "2.1.0"
  vibration:
    dependency: "direct main"
    description:
      name: vibration
      url: "https://pub.flutter-io.cn"
    source: hosted
    version: "1.7.4-nullsafety.0"
  vibration_web:
    dependency: transitive
    description:
      name: vibration_web
      url: "https://pub.flutter-io.cn"
    source: hosted
    version: "1.6.3-nullsafety.0"
  watcher:
    dependency: transitive
    description:
      name: watcher
      url: "https://pub.flutter-io.cn"
    source: hosted
    version: "1.0.0"
  waterfall_flow:
    dependency: "direct main"
    description:
      path: "/Users/honjow/git/waterfall_flow"
      relative: false
    source: path
    version: "2.0.5"
  web_socket_channel:
    dependency: transitive
    description:
      name: web_socket_channel
      url: "https://pub.flutter-io.cn"
    source: hosted
    version: "1.2.0"
  webview_cookie_manager:
    dependency: "direct main"
    description:
      name: webview_cookie_manager
      url: "https://pub.flutter-io.cn"
    source: hosted
    version: "2.0.0-nullsafety.0"
  win32:
    dependency: transitive
    description:
      name: win32
      url: "https://pub.flutter-io.cn"
    source: hosted
    version: "2.0.2"
  xdg_directories:
    dependency: transitive
    description:
      name: xdg_directories
      url: "https://pub.flutter-io.cn"
    source: hosted
    version: "0.2.0"
  xml:
    dependency: transitive
    description:
      name: xml
      url: "https://pub.flutter-io.cn"
    source: hosted
    version: "5.0.2"
  yaml:
    dependency: transitive
    description:
      name: yaml
      url: "https://pub.flutter-io.cn"
    source: hosted
    version: "3.1.0"
sdks:
  dart: ">=2.12.0 <3.0.0"
  flutter: ">=2.0.1"
